
Microsoft Visual Studio Solution File, Format Version 12.00
# Visual Studio 15
VisualStudioVersion = 15.0.28307.136
MinimumVisualStudioVersion = 10.0.40219.1
Project("{FAE04EC0-301F-11D3-BF4B-00C04F79EFBC}") = "9", "9\9.csproj", "{27541573-B461-4D1C-B662-A02F37D4961D}"
EndProject
Global
	GlobalSection(SolutionConfigurationPlatforms) = preSolution
		Debug|Any CPU = Debug|Any CPU
		Release|Any CPU = Release|Any CPU
	EndGlobalSection
	GlobalSection(ProjectConfigurationPlatforms) = postSolution
		{27541573-B461-4D1C-B662-A02F37D4961D}.Debug|Any CPU.ActiveCfg = Debug|Any CPU
		{27541573-B461-4D1C-B662-A02F37D4961D}.Debug|Any CPU.Build.0 = Debug|Any CPU
		{27541573-B461-4D1C-B662-A02F37D4961D}.Release|Any CPU.ActiveCfg = Release|Any CPU
		{27541573-B461-4D1C-B662-A02F37D4961D}.Release|Any CPU.Build.0 = Release|Any CPU
	EndGlobalSection
	GlobalSection(SolutionProperties) = preSolution
		HideSolutionNode = FALSE
	EndGlobalSection
	GlobalSection(ExtensibilityGlobals) = postSolution
		SolutionGuid = {4A422030-CC80-4957-9A55-E0EEC1A810B5}
	EndGlobalSection
EndGlobal
