
Microsoft Visual Studio Solution File, Format Version 12.00
# Visual Studio 15
VisualStudioVersion = 15.0.28307.136
MinimumVisualStudioVersion = 10.0.40219.1
Project("{FAE04EC0-301F-11D3-BF4B-00C04F79EFBC}") = "11", "11\11.csproj", "{FB71895E-1E36-449A-9494-0BA60BEFC31D}"
EndProject
Global
	GlobalSection(SolutionConfigurationPlatforms) = preSolution
		Debug|Any CPU = Debug|Any CPU
		Release|Any CPU = Release|Any CPU
	EndGlobalSection
	GlobalSection(ProjectConfigurationPlatforms) = postSolution
		{FB71895E-1E36-449A-9494-0BA60BEFC31D}.Debug|Any CPU.ActiveCfg = Debug|Any CPU
		{FB71895E-1E36-449A-9494-0BA60BEFC31D}.Debug|Any CPU.Build.0 = Debug|Any CPU
		{FB71895E-1E36-449A-9494-0BA60BEFC31D}.Release|Any CPU.ActiveCfg = Release|Any CPU
		{FB71895E-1E36-449A-9494-0BA60BEFC31D}.Release|Any CPU.Build.0 = Release|Any CPU
	EndGlobalSection
	GlobalSection(SolutionProperties) = preSolution
		HideSolutionNode = FALSE
	EndGlobalSection
	GlobalSection(ExtensibilityGlobals) = postSolution
		SolutionGuid = {835FBD3A-0BBE-4C77-9C0C-3CAA4F91DCFA}
	EndGlobalSection
EndGlobal
